
Microsoft Visual Studio Solution File, Format Version 12.00
# Visual Studio Version 16
VisualStudioVersion = 16.0.31129.286
MinimumVisualStudioVersion = 10.0.40219.1
Project("{D954291E-2A0B-460D-934E-DC6B0785DB48}") = "AccStateSync.Core", "src\AccStateSync.Core\AccStateSync.Core.shproj", "{C29FACFB-84C6-4947-9045-9D7ECFFEDEA7}"
EndProject
Project("{FAE04EC0-301F-11D3-BF4B-00C04F79EFBC}") = "AccStateSync.KK", "src\AccStateSync.KK\AccStateSync.KK.csproj", "{013E81E6-1B18-4CAC-AE2F-B146A8D5C16B}"
EndProject
Project("{FAE04EC0-301F-11D3-BF4B-00C04F79EFBC}") = "AccStateSync.KKS", "src\AccStateSync.KKS\AccStateSync.KKS.csproj", "{B9EDB713-2F55-4631-98D5-4D8123D27641}"
EndProject
Global
	GlobalSection(SharedMSBuildProjectFiles) = preSolution
		src\AccStateSync.Core\AccStateSync.Core.projitems*{013e81e6-1b18-4cac-ae2f-b146a8d5c16b}*SharedItemsImports = 4
		src\AccStateSync.Core\AccStateSync.Core.projitems*{b9edb713-2f55-4631-98d5-4d8123d27641}*SharedItemsImports = 4
		src\AccStateSync.Core\AccStateSync.Core.projitems*{c29facfb-84c6-4947-9045-9d7ecffedea7}*SharedItemsImports = 13
	EndGlobalSection
	GlobalSection(SolutionConfigurationPlatforms) = preSolution
		Debug|Any CPU = Debug|Any CPU
		Release|Any CPU = Release|Any CPU
	EndGlobalSection
	GlobalSection(ProjectConfigurationPlatforms) = postSolution
		{013E81E6-1B18-4CAC-AE2F-B146A8D5C16B}.Debug|Any CPU.ActiveCfg = Debug|Any CPU
		{013E81E6-1B18-4CAC-AE2F-B146A8D5C16B}.Debug|Any CPU.Build.0 = Debug|Any CPU
		{013E81E6-1B18-4CAC-AE2F-B146A8D5C16B}.Release|Any CPU.ActiveCfg = Release|Any CPU
		{013E81E6-1B18-4CAC-AE2F-B146A8D5C16B}.Release|Any CPU.Build.0 = Release|Any CPU
		{B9EDB713-2F55-4631-98D5-4D8123D27641}.Debug|Any CPU.ActiveCfg = Debug|Any CPU
		{B9EDB713-2F55-4631-98D5-4D8123D27641}.Debug|Any CPU.Build.0 = Debug|Any CPU
		{B9EDB713-2F55-4631-98D5-4D8123D27641}.Release|Any CPU.ActiveCfg = Release|Any CPU
	EndGlobalSection
	GlobalSection(SolutionProperties) = preSolution
		HideSolutionNode = FALSE
	EndGlobalSection
	GlobalSection(ExtensibilityGlobals) = postSolution
		SolutionGuid = {239BBEA4-4562-4A50-8FA7-37FDC80B6643}
	EndGlobalSection
EndGlobal
