
Microsoft Visual Studio Solution File, Format Version 12.00
# Visual Studio Version 16
VisualStudioVersion = 16.0.30804.86
MinimumVisualStudioVersion = 10.0.40219.1
Project("{FAE04EC0-301F-11D3-BF4B-00C04F79EFBC}") = "AccStateSync", "src\AccStateSync\AccStateSync.csproj", "{013E81E6-1B18-4CAC-AE2F-B146A8D5C16B}"
	ProjectSection(ProjectDependencies) = postProject
		{AC0D512F-F352-44CE-9D33-D8E5E440336B} = {AC0D512F-F352-44CE-9D33-D8E5E440336B}
	EndProjectSection
EndProject
Project("{FAE04EC0-301F-11D3-BF4B-00C04F79EFBC}") = "JetPack", "src\JetPack\JetPack.csproj", "{AC0D512F-F352-44CE-9D33-D8E5E440336B}"
EndProject
Global
	GlobalSection(SolutionConfigurationPlatforms) = preSolution
		Debug|Any CPU = Debug|Any CPU
		Release|Any CPU = Release|Any CPU
	EndGlobalSection
	GlobalSection(ProjectConfigurationPlatforms) = postSolution
		{013E81E6-1B18-4CAC-AE2F-B146A8D5C16B}.Debug|Any CPU.ActiveCfg = Debug|Any CPU
		{013E81E6-1B18-4CAC-AE2F-B146A8D5C16B}.Debug|Any CPU.Build.0 = Debug|Any CPU
		{013E81E6-1B18-4CAC-AE2F-B146A8D5C16B}.Release|Any CPU.ActiveCfg = Release|Any CPU
		{013E81E6-1B18-4CAC-AE2F-B146A8D5C16B}.Release|Any CPU.Build.0 = Release|Any CPU
		{AC0D512F-F352-44CE-9D33-D8E5E440336B}.Debug|Any CPU.ActiveCfg = Debug|Any CPU
		{AC0D512F-F352-44CE-9D33-D8E5E440336B}.Debug|Any CPU.Build.0 = Debug|Any CPU
		{AC0D512F-F352-44CE-9D33-D8E5E440336B}.Release|Any CPU.ActiveCfg = Release|Any CPU
		{AC0D512F-F352-44CE-9D33-D8E5E440336B}.Release|Any CPU.Build.0 = Release|Any CPU
	EndGlobalSection
	GlobalSection(SolutionProperties) = preSolution
		HideSolutionNode = FALSE
	EndGlobalSection
	GlobalSection(ExtensibilityGlobals) = postSolution
		SolutionGuid = {1D9FDC15-0DE3-40E8-8BC0-AFE1BA3B9423}
	EndGlobalSection
EndGlobal
